# THIS IS AN AUTOGENERATED FILE. DO NOT EDIT THIS FILE DIRECTLY.
# yarn lockfile v1


remove-punctuation@^0.0.4:
  version "0.0.4"
  resolved "https://registry.yarnpkg.com/remove-punctuation/-/remove-punctuation-0.0.4.tgz#bc6d365ffd0488ce21e8094168493fcc2baf1e34"

stopwords-fa@^0.3.0:
  version "0.3.0"
  resolved "https://registry.yarnpkg.com/stopwords-fa/-/stopwords-fa-0.3.0.tgz#9a11b6228b2cf88f6460af82a81c3cf306e55b28"
